
Microsoft Visual Studio Solution File, Format Version 12.00
# Visual Studio Version 17
VisualStudioVersion = 17.6.33723.286
MinimumVisualStudioVersion = 10.0.40219.1
Project("{FAE04EC0-301F-11D3-BF4B-00C04F79EFBC}") = "BinarySearch", "BinarySearch\BinarySearch.csproj", "{DA7E2E86-5226-41CA-AAE7-B0E56E4756DE}"
EndProject
Global
	GlobalSection(SolutionConfigurationPlatforms) = preSolution
		Debug|Any CPU = Debug|Any CPU
		Release|Any CPU = Release|Any CPU
	EndGlobalSection
	GlobalSection(ProjectConfigurationPlatforms) = postSolution
		{DA7E2E86-5226-41CA-AAE7-B0E56E4756DE}.Debug|Any CPU.ActiveCfg = Debug|Any CPU
		{DA7E2E86-5226-41CA-AAE7-B0E56E4756DE}.Debug|Any CPU.Build.0 = Debug|Any CPU
		{DA7E2E86-5226-41CA-AAE7-B0E56E4756DE}.Release|Any CPU.ActiveCfg = Release|Any CPU
		{DA7E2E86-5226-41CA-AAE7-B0E56E4756DE}.Release|Any CPU.Build.0 = Release|Any CPU
	EndGlobalSection
	GlobalSection(SolutionProperties) = preSolution
		HideSolutionNode = FALSE
	EndGlobalSection
	GlobalSection(ExtensibilityGlobals) = postSolution
		SolutionGuid = {FF9187CC-3706-4E96-8B78-B2E521B996EC}
	EndGlobalSection
EndGlobal
